
Microsoft Visual Studio Solution File, Format Version 12.00
# Visual Studio Version 17
VisualStudioVersion = 17.3.32929.385
MinimumVisualStudioVersion = 10.0.40219.1
Project("{FAE04EC0-301F-11D3-BF4B-00C04F79EFBC}") = "設計模式4", "設計模式4\設計模式4.csproj", "{1C83CA64-9AFA-4237-9273-F57CAC084FEC}"
EndProject
Project("{FAE04EC0-301F-11D3-BF4B-00C04F79EFBC}") = "範例1", "範例1\範例1.csproj", "{818C48BC-7C11-4DD8-9F4A-47ED8B3F7F64}"
EndProject
Project("{FAE04EC0-301F-11D3-BF4B-00C04F79EFBC}") = "抽象工廠2", "抽象工廠2\抽象工廠2.csproj", "{8812E4FC-6A6B-46E9-9548-6EE0651C7E87}"
EndProject
Project("{FAE04EC0-301F-11D3-BF4B-00C04F79EFBC}") = "抽象工廠3", "抽象工廠3\抽象工廠3.csproj", "{F60D87F0-5CEA-4FBD-95C0-AAD51470A8B8}"
EndProject
Global
	GlobalSection(SolutionConfigurationPlatforms) = preSolution
		Debug|Any CPU = Debug|Any CPU
		Release|Any CPU = Release|Any CPU
	EndGlobalSection
	GlobalSection(ProjectConfigurationPlatforms) = postSolution
		{1C83CA64-9AFA-4237-9273-F57CAC084FEC}.Debug|Any CPU.ActiveCfg = Debug|Any CPU
		{1C83CA64-9AFA-4237-9273-F57CAC084FEC}.Debug|Any CPU.Build.0 = Debug|Any CPU
		{1C83CA64-9AFA-4237-9273-F57CAC084FEC}.Release|Any CPU.ActiveCfg = Release|Any CPU
		{1C83CA64-9AFA-4237-9273-F57CAC084FEC}.Release|Any CPU.Build.0 = Release|Any CPU
		{818C48BC-7C11-4DD8-9F4A-47ED8B3F7F64}.Debug|Any CPU.ActiveCfg = Debug|Any CPU
		{818C48BC-7C11-4DD8-9F4A-47ED8B3F7F64}.Debug|Any CPU.Build.0 = Debug|Any CPU
		{818C48BC-7C11-4DD8-9F4A-47ED8B3F7F64}.Release|Any CPU.ActiveCfg = Release|Any CPU
		{818C48BC-7C11-4DD8-9F4A-47ED8B3F7F64}.Release|Any CPU.Build.0 = Release|Any CPU
		{8812E4FC-6A6B-46E9-9548-6EE0651C7E87}.Debug|Any CPU.ActiveCfg = Debug|Any CPU
		{8812E4FC-6A6B-46E9-9548-6EE0651C7E87}.Debug|Any CPU.Build.0 = Debug|Any CPU
		{8812E4FC-6A6B-46E9-9548-6EE0651C7E87}.Release|Any CPU.ActiveCfg = Release|Any CPU
		{8812E4FC-6A6B-46E9-9548-6EE0651C7E87}.Release|Any CPU.Build.0 = Release|Any CPU
		{F60D87F0-5CEA-4FBD-95C0-AAD51470A8B8}.Debug|Any CPU.ActiveCfg = Debug|Any CPU
		{F60D87F0-5CEA-4FBD-95C0-AAD51470A8B8}.Debug|Any CPU.Build.0 = Debug|Any CPU
		{F60D87F0-5CEA-4FBD-95C0-AAD51470A8B8}.Release|Any CPU.ActiveCfg = Release|Any CPU
		{F60D87F0-5CEA-4FBD-95C0-AAD51470A8B8}.Release|Any CPU.Build.0 = Release|Any CPU
	EndGlobalSection
	GlobalSection(SolutionProperties) = preSolution
		HideSolutionNode = FALSE
	EndGlobalSection
	GlobalSection(ExtensibilityGlobals) = postSolution
		SolutionGuid = {1D308DBC-10EA-47C6-AA11-8CE02CD3EF15}
	EndGlobalSection
EndGlobal
