
Microsoft Visual Studio Solution File, Format Version 12.00
# Visual Studio Version 17
VisualStudioVersion = 17.2.32526.322
MinimumVisualStudioVersion = 10.0.40219.1
Project("{9A19103F-16F7-4668-BE54-9A1E7A4F7556}") = "設計模式Ex", "設計模式Ex\設計模式Ex.csproj", "{7F1E9BC9-3F66-4091-B5FA-48E6773634FB}"
EndProject
Project("{9A19103F-16F7-4668-BE54-9A1E7A4F7556}") = "抽象類別基本用法", "抽象類別基本用法\抽象類別基本用法.csproj", "{BFCEB5B9-E724-4AEB-B1DC-51F3511A08AA}"
EndProject
Project("{9A19103F-16F7-4668-BE54-9A1E7A4F7556}") = "new工廠模式", "new工廠模式\new工廠模式.csproj", "{C5BD2047-08A0-4D55-BDF6-408C1F35AA5F}"
EndProject
Project("{9A19103F-16F7-4668-BE54-9A1E7A4F7556}") = "工廠模式2", "工廠模式2\工廠模式2.csproj", "{40E9828B-1E5F-4998-AA06-A454B66BE797}"
EndProject
Project("{9A19103F-16F7-4668-BE54-9A1E7A4F7556}") = "抽象工廠", "抽象工廠\抽象工廠.csproj", "{40784567-47E1-4050-9A92-6861C102AF71}"
EndProject
Project("{9A19103F-16F7-4668-BE54-9A1E7A4F7556}") = "裝飾者模式", "裝飾者模式\裝飾者模式.csproj", "{50B7EB1C-04E4-4A18-8601-867FEA9FE5FC}"
EndProject
Project("{9A19103F-16F7-4668-BE54-9A1E7A4F7556}") = "觀察者模式", "觀察者模式\觀察者模式.csproj", "{C75539AF-CBB5-4A50-A2B1-D56EB8B1C214}"
EndProject
Project("{FAE04EC0-301F-11D3-BF4B-00C04F79EFBC}") = "單例模式", "單例模式\單例模式.csproj", "{A5A13153-41BC-46A3-AD64-A0666F8818C7}"
EndProject
Project("{FAE04EC0-301F-11D3-BF4B-00C04F79EFBC}") = "策略模式", "策略模式\策略模式.csproj", "{AF303FCC-E20D-41D6-95DA-FE8A407A562F}"
EndProject
Global
	GlobalSection(SolutionConfigurationPlatforms) = preSolution
		Debug|Any CPU = Debug|Any CPU
		Release|Any CPU = Release|Any CPU
	EndGlobalSection
	GlobalSection(ProjectConfigurationPlatforms) = postSolution
		{7F1E9BC9-3F66-4091-B5FA-48E6773634FB}.Debug|Any CPU.ActiveCfg = Debug|Any CPU
		{7F1E9BC9-3F66-4091-B5FA-48E6773634FB}.Debug|Any CPU.Build.0 = Debug|Any CPU
		{7F1E9BC9-3F66-4091-B5FA-48E6773634FB}.Release|Any CPU.ActiveCfg = Release|Any CPU
		{7F1E9BC9-3F66-4091-B5FA-48E6773634FB}.Release|Any CPU.Build.0 = Release|Any CPU
		{BFCEB5B9-E724-4AEB-B1DC-51F3511A08AA}.Debug|Any CPU.ActiveCfg = Debug|Any CPU
		{BFCEB5B9-E724-4AEB-B1DC-51F3511A08AA}.Debug|Any CPU.Build.0 = Debug|Any CPU
		{BFCEB5B9-E724-4AEB-B1DC-51F3511A08AA}.Release|Any CPU.ActiveCfg = Release|Any CPU
		{BFCEB5B9-E724-4AEB-B1DC-51F3511A08AA}.Release|Any CPU.Build.0 = Release|Any CPU
		{C5BD2047-08A0-4D55-BDF6-408C1F35AA5F}.Debug|Any CPU.ActiveCfg = Debug|Any CPU
		{C5BD2047-08A0-4D55-BDF6-408C1F35AA5F}.Debug|Any CPU.Build.0 = Debug|Any CPU
		{C5BD2047-08A0-4D55-BDF6-408C1F35AA5F}.Release|Any CPU.ActiveCfg = Release|Any CPU
		{C5BD2047-08A0-4D55-BDF6-408C1F35AA5F}.Release|Any CPU.Build.0 = Release|Any CPU
		{40E9828B-1E5F-4998-AA06-A454B66BE797}.Debug|Any CPU.ActiveCfg = Debug|Any CPU
		{40E9828B-1E5F-4998-AA06-A454B66BE797}.Debug|Any CPU.Build.0 = Debug|Any CPU
		{40E9828B-1E5F-4998-AA06-A454B66BE797}.Release|Any CPU.ActiveCfg = Release|Any CPU
		{40E9828B-1E5F-4998-AA06-A454B66BE797}.Release|Any CPU.Build.0 = Release|Any CPU
		{40784567-47E1-4050-9A92-6861C102AF71}.Debug|Any CPU.ActiveCfg = Debug|Any CPU
		{40784567-47E1-4050-9A92-6861C102AF71}.Debug|Any CPU.Build.0 = Debug|Any CPU
		{40784567-47E1-4050-9A92-6861C102AF71}.Release|Any CPU.ActiveCfg = Release|Any CPU
		{40784567-47E1-4050-9A92-6861C102AF71}.Release|Any CPU.Build.0 = Release|Any CPU
		{50B7EB1C-04E4-4A18-8601-867FEA9FE5FC}.Debug|Any CPU.ActiveCfg = Debug|Any CPU
		{50B7EB1C-04E4-4A18-8601-867FEA9FE5FC}.Debug|Any CPU.Build.0 = Debug|Any CPU
		{50B7EB1C-04E4-4A18-8601-867FEA9FE5FC}.Release|Any CPU.ActiveCfg = Release|Any CPU
		{50B7EB1C-04E4-4A18-8601-867FEA9FE5FC}.Release|Any CPU.Build.0 = Release|Any CPU
		{C75539AF-CBB5-4A50-A2B1-D56EB8B1C214}.Debug|Any CPU.ActiveCfg = Debug|Any CPU
		{C75539AF-CBB5-4A50-A2B1-D56EB8B1C214}.Debug|Any CPU.Build.0 = Debug|Any CPU
		{C75539AF-CBB5-4A50-A2B1-D56EB8B1C214}.Release|Any CPU.ActiveCfg = Release|Any CPU
		{C75539AF-CBB5-4A50-A2B1-D56EB8B1C214}.Release|Any CPU.Build.0 = Release|Any CPU
		{A5A13153-41BC-46A3-AD64-A0666F8818C7}.Debug|Any CPU.ActiveCfg = Debug|Any CPU
		{A5A13153-41BC-46A3-AD64-A0666F8818C7}.Debug|Any CPU.Build.0 = Debug|Any CPU
		{A5A13153-41BC-46A3-AD64-A0666F8818C7}.Release|Any CPU.ActiveCfg = Release|Any CPU
		{A5A13153-41BC-46A3-AD64-A0666F8818C7}.Release|Any CPU.Build.0 = Release|Any CPU
		{AF303FCC-E20D-41D6-95DA-FE8A407A562F}.Debug|Any CPU.ActiveCfg = Debug|Any CPU
		{AF303FCC-E20D-41D6-95DA-FE8A407A562F}.Debug|Any CPU.Build.0 = Debug|Any CPU
		{AF303FCC-E20D-41D6-95DA-FE8A407A562F}.Release|Any CPU.ActiveCfg = Release|Any CPU
		{AF303FCC-E20D-41D6-95DA-FE8A407A562F}.Release|Any CPU.Build.0 = Release|Any CPU
	EndGlobalSection
	GlobalSection(SolutionProperties) = preSolution
		HideSolutionNode = FALSE
	EndGlobalSection
	GlobalSection(ExtensibilityGlobals) = postSolution
		SolutionGuid = {95FC02D8-71F8-44C0-9D33-2E446B96E613}
	EndGlobalSection
EndGlobal
